<?xml version="1.0" encoding="utf-8"?>
<Project ToolsVersion="4.0" xmlns="http://schemas.microsoft.com/developer/msbuild/2003">
  <ItemGroup>
    <Filter Include="소스 파일">
      <UniqueIdentifier>{4FC737F1-C7A5-4376-A066-2A32D752A2FF}</UniqueIdentifier>
      <Extensions>cpp;c;cc;cxx;c++;cppm;ixx;def;odl;idl;hpj;bat;asm;asmx</Extensions>
    </Filter>
    <Filter Include="헤더 파일">
      <UniqueIdentifier>{93995380-89BD-4b04-88EB-625FBE52EBFB}</UniqueIdentifier>
      <Extensions>h;hh;hpp;hxx;h++;hm;inl;inc;ipp;xsd</Extensions>
    </Filter>
    <Filter Include="리소스 파일">
      <UniqueIdentifier>{67DA6AB6-F800-4c08-8B7A-83BB121AAD01}</UniqueIdentifier>
      <Extensions>rc;ico;cur;bmp;dlg;rc2;rct;bin;rgs;gif;jpg;jpeg;jpe;resx;tiff;tif;png;wav;mfcribbon-ms</Extensions>
    </Filter>
    <Filter Include="Engine">
      <UniqueIdentifier>{f771c8c2-a8a6-4fb1-9fed-3279917b8fa3}</UniqueIdentifier>
    </Filter>
    <Filter Include="Engine\Core">
      <UniqueIdentifier>{5e8a7cc1-8ae4-489e-b7eb-4e2f1f9a4e9b}</UniqueIdentifier>
    </Filter>
    <Filter Include="Util">
      <UniqueIdentifier>{36eb40e0-4b84-42f3-bd41-06c8ed18f0e7}</UniqueIdentifier>
    </Filter>
    <Filter Include="Object">
      <UniqueIdentifier>{b75c7ab5-e9ac-4bf9-9f0e-671d43db16ec}</UniqueIdentifier>
    </Filter>
    <Filter Include="Engine\Manager">
      <UniqueIdentifier>{1e0dd3c9-84f3-428f-8079-cd29857a5233}</UniqueIdentifier>
    </Filter>
    <Filter Include="Scene">
      <UniqueIdentifier>{ba334e97-7748-4f45-8519-a2804624b0b8}</UniqueIdentifier>
    </Filter>
    <Filter Include="Resouce">
      <UniqueIdentifier>{7d41d1e4-dcea-4ae2-afc4-bc5893bbd5c3}</UniqueIdentifier>
    </Filter>
    <Filter Include="Resouce\Texture">
      <UniqueIdentifier>{55c046b8-ab3d-48e8-8b4e-8e6fccc09d75}</UniqueIdentifier>
    </Filter>
    <Filter Include="Resouce\Sound">
      <UniqueIdentifier>{f088250d-4f33-47bc-84cf-d28792e60b4a}</UniqueIdentifier>
    </Filter>
    <Filter Include="Engine\Component">
      <UniqueIdentifier>{4c795fc9-5909-460d-a0bb-a19557c9e69a}</UniqueIdentifier>
    </Filter>
    <Filter Include="Engine\Component\Collider">
      <UniqueIdentifier>{8e1098bb-084b-4293-a467-fec1aa4985e1}</UniqueIdentifier>
    </Filter>
    <Filter Include="Engine\Component\Animator">
      <UniqueIdentifier>{1209e5ef-2c30-47c7-a534-fd0e085e2ee1}</UniqueIdentifier>
    </Filter>
    <Filter Include="Engine\Component\Animator\Animation">
      <UniqueIdentifier>{a2dc5a2d-5c20-4e1a-919a-856815c3db28}</UniqueIdentifier>
    </Filter>
    <Filter Include="Object\Tile">
      <UniqueIdentifier>{30e0c577-8d4e-443b-a91a-f7f7ac0f64f7}</UniqueIdentifier>
    </Filter>
    <Filter Include="Object\UI">
      <UniqueIdentifier>{e6177611-ca95-4efd-98d5-4a87ca547807}</UniqueIdentifier>
    </Filter>
    <Filter Include="Resouce\CD2DImage">
      <UniqueIdentifier>{7be60d72-5b7b-4f9d-b116-6bc827b05510}</UniqueIdentifier>
    </Filter>
    <Filter Include="Object\00.CScene_Start">
      <UniqueIdentifier>{108b62eb-ee52-43dd-acf9-d791f54b26e9}</UniqueIdentifier>
    </Filter>
    <Filter Include="Object\00.CScene_Start\UI">
      <UniqueIdentifier>{a2f89540-71e3-4a45-89aa-4ee9c5fb62c0}</UniqueIdentifier>
    </Filter>
    <Filter Include="Object\01.CScene_Town">
      <UniqueIdentifier>{736900fb-d2f9-4576-9663-a87b117f2f74}</UniqueIdentifier>
    </Filter>
    <Filter Include="Object\Character">
      <UniqueIdentifier>{a0374c23-f28b-40d4-a4f4-380a7473d4b0}</UniqueIdentifier>
    </Filter>
    <Filter Include="Object\01.CScene_Town\BackGround">
      <UniqueIdentifier>{a8b47034-517d-46d7-8c19-dfd89cd898bf}</UniqueIdentifier>
    </Filter>
    <Filter Include="Object\00.CScene_Start\BackGround">
      <UniqueIdentifier>{ff3c6d85-5616-4b67-8873-fd5d33d1ee6c}</UniqueIdentifier>
    </Filter>
    <Filter Include="Object\00.CScene_Start\Logo">
      <UniqueIdentifier>{60a5f7b2-f413-4823-a651-e61ebfc6b3e1}</UniqueIdentifier>
    </Filter>
    <Filter Include="Scene\00.Start">
      <UniqueIdentifier>{1a12c70c-bfd0-401a-acdb-3ff6892f9d52}</UniqueIdentifier>
    </Filter>
    <Filter Include="Scene\01.Town">
      <UniqueIdentifier>{5e5dc476-b54c-442b-b616-bb70c487731e}</UniqueIdentifier>
    </Filter>
    <Filter Include="Scene\CScene">
      <UniqueIdentifier>{18a78f49-3c56-4337-94b0-7ac14790f1cd}</UniqueIdentifier>
    </Filter>
    <Filter Include="Engine\Manager\CamMng">
      <UniqueIdentifier>{ad9b321e-4426-4148-8ff2-153e95c260e0}</UniqueIdentifier>
    </Filter>
    <Filter Include="Engine\Manager\ColliMng">
      <UniqueIdentifier>{55b66b75-38c0-42ac-8c0d-bc8cb4641c9d}</UniqueIdentifier>
    </Filter>
    <Filter Include="Engine\Manager\EventMng">
      <UniqueIdentifier>{b902bcf0-b2b3-410b-bc20-c8ada7140a84}</UniqueIdentifier>
    </Filter>
    <Filter Include="Engine\Manager\KeyMng">
      <UniqueIdentifier>{6747b354-c0c0-4fc3-a8b0-0b9850579882}</UniqueIdentifier>
    </Filter>
    <Filter Include="Engine\Manager\PathMng">
      <UniqueIdentifier>{bb7b7f83-447c-4bb9-bcce-0348c6f00a50}</UniqueIdentifier>
    </Filter>
    <Filter Include="Engine\Manager\RenderMng">
      <UniqueIdentifier>{f83db78e-b33a-4c92-95c3-14260b1b7e3f}</UniqueIdentifier>
    </Filter>
    <Filter Include="Engine\Manager\ResourMng">
      <UniqueIdentifier>{50c3056e-1104-4f55-be27-ac4809fb7d63}</UniqueIdentifier>
    </Filter>
    <Filter Include="Engine\Manager\SceneMng">
      <UniqueIdentifier>{2e4c7ac7-84d5-438d-aaf1-39b4b8a7e24e}</UniqueIdentifier>
    </Filter>
    <Filter Include="Engine\Manager\SoundMng">
      <UniqueIdentifier>{ce468e21-193b-4eee-88d4-f561029a2e2b}</UniqueIdentifier>
    </Filter>
    <Filter Include="Engine\Manager\TimeMng">
      <UniqueIdentifier>{d774b28e-ecde-483e-8b65-dc7f11fb9f62}</UniqueIdentifier>
    </Filter>
    <Filter Include="Engine\Manager\UIMng">
      <UniqueIdentifier>{d0c195a4-574a-41da-a625-032fa8cad334}</UniqueIdentifier>
    </Filter>
    <Filter Include="Object\Monster">
      <UniqueIdentifier>{1880e04b-49a1-42e5-bbf1-762d6b8fe38a}</UniqueIdentifier>
    </Filter>
    <Filter Include="Object\Item">
      <UniqueIdentifier>{0e73cee2-4663-48b1-8ace-dab16b0b42c4}</UniqueIdentifier>
    </Filter>
    <Filter Include="Object\Item\Weapon">
      <UniqueIdentifier>{48bb1ceb-dced-43da-8dc9-91308cb31064}</UniqueIdentifier>
    </Filter>
    <Filter Include="Object\Item\Coin">
      <UniqueIdentifier>{265a5eb8-5df5-4027-a42a-c12b9994f930}</UniqueIdentifier>
    </Filter>
    <Filter Include="Engine\Component\Gravity">
      <UniqueIdentifier>{87d562c1-fc5b-44b1-ace7-a9de99785074}</UniqueIdentifier>
    </Filter>
    <Filter Include="Scene\02.Dungeon">
      <UniqueIdentifier>{e08ae7f6-5534-45ed-b6e1-a6d3d4a8377c}</UniqueIdentifier>
    </Filter>
    <Filter Include="Engine\Component\State">
      <UniqueIdentifier>{acc4cf0c-2b86-4217-8a11-5f384ae4e36d}</UniqueIdentifier>
    </Filter>
    <Filter Include="Engine\Component\State\Monster">
      <UniqueIdentifier>{7e6d57a3-2c7b-48af-af82-1b31d19cb885}</UniqueIdentifier>
    </Filter>
    <Filter Include="Object\Item\Weapon\01.Short_Sword">
      <UniqueIdentifier>{9a857ae3-a41d-4b32-ad6d-1429dd2b68c1}</UniqueIdentifier>
    </Filter>
    <Filter Include="Object\Item\Weapon\02.Muramasa">
      <UniqueIdentifier>{f7aee196-db02-4741-bc8e-55c61070dd52}</UniqueIdentifier>
    </Filter>
  </ItemGroup>
  <ItemGroup>
    <ClInclude Include="framework.h">
      <Filter>헤더 파일</Filter>
    </ClInclude>
    <ClInclude Include="targetver.h">
      <Filter>헤더 파일</Filter>
    </ClInclude>
    <ClInclude Include="Resource.h">
      <Filter>헤더 파일</Filter>
    </ClInclude>
    <ClInclude Include="WinApi2D.h">
      <Filter>헤더 파일</Filter>
    </ClInclude>
    <ClInclude Include="CCore.h">
      <Filter>Engine\Core</Filter>
    </ClInclude>
    <ClInclude Include="SingleTon.h">
      <Filter>Util</Filter>
    </ClInclude>
    <ClInclude Include="CGameObject.h">
      <Filter>Object</Filter>
    </ClInclude>
    <ClInclude Include="struct.h">
      <Filter>Util</Filter>
    </ClInclude>
    <ClInclude Include="CResource.h">
      <Filter>Resouce</Filter>
    </ClInclude>
    <ClInclude Include="CTexture.h">
      <Filter>Resouce\Texture</Filter>
    </ClInclude>
    <ClInclude Include="CSound.h">
      <Filter>Resouce\Sound</Filter>
    </ClInclude>
    <ClInclude Include="Logger.h">
      <Filter>Util</Filter>
    </ClInclude>
    <ClInclude Include="CCollider.h">
      <Filter>Engine\Component\Collider</Filter>
    </ClInclude>
    <ClInclude Include="CAnimator.h">
      <Filter>Engine\Component\Animator</Filter>
    </ClInclude>
    <ClInclude Include="CAnimation.h">
      <Filter>Engine\Component\Animator\Animation</Filter>
    </ClInclude>
    <ClInclude Include="CTile.h">
      <Filter>Object\Tile</Filter>
    </ClInclude>
    <ClInclude Include="CUI.h">
      <Filter>Object\UI</Filter>
    </ClInclude>
    <ClInclude Include="CPlayer.h">
      <Filter>Object\Character</Filter>
    </ClInclude>
    <ClInclude Include="CPanelUI.h">
      <Filter>Object\UI</Filter>
    </ClInclude>
    <ClInclude Include="CButtonUI.h">
      <Filter>Object\UI</Filter>
    </ClInclude>
    <ClInclude Include="CD2DImage.h">
      <Filter>Resouce\CD2DImage</Filter>
    </ClInclude>
    <ClInclude Include="Back_Cloud00.h">
      <Filter>Object\00.CScene_Start\BackGround</Filter>
    </ClInclude>
    <ClInclude Include="Back_Cloud01.h">
      <Filter>Object\00.CScene_Start\BackGround</Filter>
    </ClInclude>
    <ClInclude Include="MainLogo.h">
      <Filter>Object\00.CScene_Start\Logo</Filter>
    </ClInclude>
    <ClInclude Include="CStartUI.h">
      <Filter>Object\00.CScene_Start\UI</Filter>
    </ClInclude>
    <ClInclude Include="COptionUI.h">
      <Filter>Object\00.CScene_Start\UI</Filter>
    </ClInclude>
    <ClInclude Include="CExitUI.h">
      <Filter>Object\00.CScene_Start\UI</Filter>
    </ClInclude>
    <ClInclude Include="CScene_Start.h">
      <Filter>Scene\00.Start</Filter>
    </ClInclude>
    <ClInclude Include="CScene_Town.h">
      <Filter>Scene\01.Town</Filter>
    </ClInclude>
    <ClInclude Include="CScene_Tool.h">
      <Filter>Scene\CScene</Filter>
    </ClInclude>
    <ClInclude Include="CScene.h">
      <Filter>Scene\CScene</Filter>
    </ClInclude>
    <ClInclude Include="TownBG_Day.h">
      <Filter>Object\01.CScene_Town\BackGround</Filter>
    </ClInclude>
    <ClInclude Include="TownLayer_Day.h">
      <Filter>Object\01.CScene_Town\BackGround</Filter>
    </ClInclude>
    <ClInclude Include="CTileButton.h">
      <Filter>Object\UI</Filter>
    </ClInclude>
    <ClInclude Include="CCameraManager.h">
      <Filter>Engine\Manager\CamMng</Filter>
    </ClInclude>
    <ClInclude Include="CCollisionManager.h">
      <Filter>Engine\Manager\ColliMng</Filter>
    </ClInclude>
    <ClInclude Include="CEventManager.h">
      <Filter>Engine\Manager\EventMng</Filter>
    </ClInclude>
    <ClInclude Include="CKeyManager.h">
      <Filter>Engine\Manager\KeyMng</Filter>
    </ClInclude>
    <ClInclude Include="CPathManager.h">
      <Filter>Engine\Manager\PathMng</Filter>
    </ClInclude>
    <ClInclude Include="CRenderManager.h">
      <Filter>Engine\Manager\RenderMng</Filter>
    </ClInclude>
    <ClInclude Include="CResourceManager.h">
      <Filter>Engine\Manager\ResourMng</Filter>
    </ClInclude>
    <ClInclude Include="CSceneManager.h">
      <Filter>Engine\Manager\SceneMng</Filter>
    </ClInclude>
    <ClInclude Include="CSoundManager.h">
      <Filter>Engine\Manager\SoundMng</Filter>
    </ClInclude>
    <ClInclude Include="CTimeManager.h">
      <Filter>Engine\Manager\TimeMng</Filter>
    </ClInclude>
    <ClInclude Include="CUIManager.h">
      <Filter>Engine\Manager\UIMng</Filter>
    </ClInclude>
    <ClInclude Include="CMonster.h">
      <Filter>Object\Monster</Filter>
    </ClInclude>
    <ClInclude Include="CItem.h">
      <Filter>Object\Item</Filter>
    </ClInclude>
    <ClInclude Include="CEquip.h">
      <Filter>Object\Character</Filter>
    </ClInclude>
    <ClInclude Include="CMissile.h">
      <Filter>Object\Character</Filter>
    </ClInclude>
    <ClInclude Include="CGravity.h">
      <Filter>Engine\Component\Gravity</Filter>
    </ClInclude>
    <ClInclude Include="CScene_Dungeon.h">
      <Filter>Scene\02.Dungeon</Filter>
    </ClInclude>
    <ClInclude Include="Back_Ground.h">
      <Filter>Object\00.CScene_Start\BackGround</Filter>
    </ClInclude>
    <ClInclude Include="CMState.h">
      <Filter>Engine\Component\State\Monster</Filter>
    </ClInclude>
    <ClInclude Include="CMuramasa.h">
      <Filter>Object\Item\Weapon\02.Muramasa</Filter>
    </ClInclude>
    <ClInclude Include="CShort_Sword.h">
      <Filter>Object\Item\Weapon\01.Short_Sword</Filter>
    </ClInclude>
  </ItemGroup>
  <ItemGroup>
    <ClCompile Include="WinApi2D.cpp">
      <Filter>소스 파일</Filter>
    </ClCompile>
    <ClCompile Include="CCore.cpp">
      <Filter>Engine\Core</Filter>
    </ClCompile>
    <ClCompile Include="CGameObject.cpp">
      <Filter>Object</Filter>
    </ClCompile>
    <ClCompile Include="CResource.cpp">
      <Filter>Resouce</Filter>
    </ClCompile>
    <ClCompile Include="CTexture.cpp">
      <Filter>Resouce\Texture</Filter>
    </ClCompile>
    <ClCompile Include="CSound.cpp">
      <Filter>Resouce\Sound</Filter>
    </ClCompile>
    <ClCompile Include="CCollider.cpp">
      <Filter>Engine\Component\Collider</Filter>
    </ClCompile>
    <ClCompile Include="CAnimator.cpp">
      <Filter>Engine\Component\Animator</Filter>
    </ClCompile>
    <ClCompile Include="CAnimation.cpp">
      <Filter>Engine\Component\Animator\Animation</Filter>
    </ClCompile>
    <ClCompile Include="CTile.cpp">
      <Filter>Object\Tile</Filter>
    </ClCompile>
    <ClCompile Include="CUI.cpp">
      <Filter>Object\UI</Filter>
    </ClCompile>
    <ClCompile Include="CPlayer.cpp">
      <Filter>Object\Character</Filter>
    </ClCompile>
    <ClCompile Include="CPanelUI.cpp">
      <Filter>Object\UI</Filter>
    </ClCompile>
    <ClCompile Include="CButtonUI.cpp">
      <Filter>Object\UI</Filter>
    </ClCompile>
    <ClCompile Include="CD2DImage.cpp">
      <Filter>Resouce\CD2DImage</Filter>
    </ClCompile>
    <ClCompile Include="Back_Cloud00.cpp">
      <Filter>Object\00.CScene_Start\BackGround</Filter>
    </ClCompile>
    <ClCompile Include="Back_Cloud01.cpp">
      <Filter>Object\00.CScene_Start\BackGround</Filter>
    </ClCompile>
    <ClCompile Include="MainLogo.cpp">
      <Filter>Object\00.CScene_Start\Logo</Filter>
    </ClCompile>
    <ClCompile Include="CStartUI.cpp">
      <Filter>Object\00.CScene_Start\UI</Filter>
    </ClCompile>
    <ClCompile Include="COptionUI.cpp">
      <Filter>Object\00.CScene_Start\UI</Filter>
    </ClCompile>
    <ClCompile Include="CExitUI.cpp">
      <Filter>Object\00.CScene_Start\UI</Filter>
    </ClCompile>
    <ClCompile Include="CScene_Start.cpp">
      <Filter>Scene\00.Start</Filter>
    </ClCompile>
    <ClCompile Include="CScene_Town.cpp">
      <Filter>Scene\01.Town</Filter>
    </ClCompile>
    <ClCompile Include="CScene_Tool.cpp">
      <Filter>Scene\CScene</Filter>
    </ClCompile>
    <ClCompile Include="CScene.cpp">
      <Filter>Scene\CScene</Filter>
    </ClCompile>
    <ClCompile Include="TownBG_Day.cpp">
      <Filter>Object\01.CScene_Town\BackGround</Filter>
    </ClCompile>
    <ClCompile Include="TownLayer_Day.cpp">
      <Filter>Object\01.CScene_Town\BackGround</Filter>
    </ClCompile>
    <ClCompile Include="CTileButton.cpp">
      <Filter>Object\UI</Filter>
    </ClCompile>
    <ClCompile Include="CCameraManager.cpp">
      <Filter>Engine\Manager\CamMng</Filter>
    </ClCompile>
    <ClCompile Include="CCollisionManager.cpp">
      <Filter>Engine\Manager\ColliMng</Filter>
    </ClCompile>
    <ClCompile Include="CEventManager.cpp">
      <Filter>Engine\Manager\EventMng</Filter>
    </ClCompile>
    <ClCompile Include="CKeyManager.cpp">
      <Filter>Engine\Manager\KeyMng</Filter>
    </ClCompile>
    <ClCompile Include="CPathManager.cpp">
      <Filter>Engine\Manager\PathMng</Filter>
    </ClCompile>
    <ClCompile Include="CRenderManager.cpp">
      <Filter>Engine\Manager\RenderMng</Filter>
    </ClCompile>
    <ClCompile Include="CResourceManager.cpp">
      <Filter>Engine\Manager\ResourMng</Filter>
    </ClCompile>
    <ClCompile Include="CSceneManager.cpp">
      <Filter>Engine\Manager\SceneMng</Filter>
    </ClCompile>
    <ClCompile Include="CSoundManager.cpp">
      <Filter>Engine\Manager\SoundMng</Filter>
    </ClCompile>
    <ClCompile Include="CTimeManager.cpp">
      <Filter>Engine\Manager\TimeMng</Filter>
    </ClCompile>
    <ClCompile Include="CUIManager.cpp">
      <Filter>Engine\Manager\UIMng</Filter>
    </ClCompile>
    <ClCompile Include="CMonster.cpp">
      <Filter>Object\Monster</Filter>
    </ClCompile>
    <ClCompile Include="CItem.cpp">
      <Filter>Object\Item</Filter>
    </ClCompile>
    <ClCompile Include="CEquip.cpp">
      <Filter>Object\Character</Filter>
    </ClCompile>
    <ClCompile Include="CMissile.cpp">
      <Filter>Object\Character</Filter>
    </ClCompile>
    <ClCompile Include="CGravity.cpp">
      <Filter>Engine\Component\Gravity</Filter>
    </ClCompile>
    <ClCompile Include="CScene_Dungeon.cpp">
      <Filter>Scene\02.Dungeon</Filter>
    </ClCompile>
    <ClCompile Include="Back_Ground.cpp">
      <Filter>Object\00.CScene_Start\BackGround</Filter>
    </ClCompile>
    <ClCompile Include="CMState.cpp">
      <Filter>Engine\Component\State\Monster</Filter>
    </ClCompile>
    <ClCompile Include="CMuramasa.cpp">
      <Filter>Object\Item\Weapon\02.Muramasa</Filter>
    </ClCompile>
    <ClCompile Include="CShort_Sword.cpp">
      <Filter>Object\Item\Weapon\01.Short_Sword</Filter>
    </ClCompile>
  </ItemGroup>
  <ItemGroup>
    <ResourceCompile Include="WinApi2D.rc">
      <Filter>리소스 파일</Filter>
    </ResourceCompile>
  </ItemGroup>
  <ItemGroup>
    <Image Include="small.ico">
      <Filter>리소스 파일</Filter>
    </Image>
    <Image Include="WinApi2D.ico">
      <Filter>리소스 파일</Filter>
    </Image>
  </ItemGroup>
  <ItemGroup>
    <None Include="cpp.hint" />
    <None Include="ClassDiagram.cd" />
    <None Include="ClassDiagram1.cd" />
  </ItemGroup>
</Project>